[[package]]
name = "DECALS-ControlPanel"
version = "0.1.0"
dependencies = [
 "DECALS-base 0.1.0 (git+https://github.com/EnterpriseComputingSystems/DECALS-base)",
]

[[package]]
name = "DECALS-base"
version = "0.1.0"
source = "git+https://github.com/EnterpriseComputingSystems/DECALS-base#11337730cb406fec791b88992b2b34e62b448c48"

[metadata]
"checksum DECALS-base 0.1.0 (git+https://github.com/EnterpriseComputingSystems/DECALS-base)" = "<none>"
